
Microsoft Visual Studio Solution File, Format Version 12.00
# Visual Studio Version 16
VisualStudioVersion = 16.0.33328.57
MinimumVisualStudioVersion = 10.0.40219.1
Project("{FAE04EC0-301F-11D3-BF4B-00C04F79EFBC}") = "Hastane Proje2", "Hastane Proje2.csproj", "{DE25DF7D-BC0B-41D8-AEB2-C6B01A91DA97}"
EndProject
Global
	GlobalSection(SolutionConfigurationPlatforms) = preSolution
		Debug|Any CPU = Debug|Any CPU
		Release|Any CPU = Release|Any CPU
	EndGlobalSection
	GlobalSection(ProjectConfigurationPlatforms) = postSolution
		{DE25DF7D-BC0B-41D8-AEB2-C6B01A91DA97}.Debug|Any CPU.ActiveCfg = Debug|Any CPU
		{DE25DF7D-BC0B-41D8-AEB2-C6B01A91DA97}.Debug|Any CPU.Build.0 = Debug|Any CPU
		{DE25DF7D-BC0B-41D8-AEB2-C6B01A91DA97}.Release|Any CPU.ActiveCfg = Release|Any CPU
		{DE25DF7D-BC0B-41D8-AEB2-C6B01A91DA97}.Release|Any CPU.Build.0 = Release|Any CPU
	EndGlobalSection
	GlobalSection(SolutionProperties) = preSolution
		HideSolutionNode = FALSE
	EndGlobalSection
	GlobalSection(ExtensibilityGlobals) = postSolution
		SolutionGuid = {7B30DABF-B48F-4007-816B-D46EEEBC4EA5}
	EndGlobalSection
EndGlobal
